
Microsoft Visual Studio Solution File, Format Version 12.00
# Visual Studio Version 17
VisualStudioVersion = 17.1.32414.318
MinimumVisualStudioVersion = 10.0.40219.1
Project("{D954291E-2A0B-460D-934E-DC6B0785DB48}") = "HelloUnoNdc.Shared", "HelloUnoNdc\HelloUnoNdc.Shared\HelloUnoNdc.Shared.shproj", "{6279C845-92F8-4333-AB99-3D213163593C}"
EndProject
Project("{2150E333-8FDC-42A3-9474-1A3956D46DE8}") = "Platforms", "Platforms", "{50B409C8-D8FA-485E-9761-7DAC7878379A}"
EndProject
Project("{FAE04EC0-301F-11D3-BF4B-00C04F79EFBC}") = "HelloUnoNdc.Droid", "HelloUnoNdc\HelloUnoNdc.Droid\HelloUnoNdc.Droid.csproj", "{8D7550ED-3424-41BC-8764-A66ACAA4F2D8}"
EndProject
Project("{FAE04EC0-301F-11D3-BF4B-00C04F79EFBC}") = "HelloUnoNdc.iOS", "HelloUnoNdc\HelloUnoNdc.iOS\HelloUnoNdc.iOS.csproj", "{D5978D3C-141F-49F9-A6A9-7EA1AE7BC700}"
EndProject
Project("{FAE04EC0-301F-11D3-BF4B-00C04F79EFBC}") = "HelloUnoNdc.UWP", "HelloUnoNdc\HelloUnoNdc.UWP\HelloUnoNdc.UWP.csproj", "{D665999E-5002-4AC8-8F67-3A715D2D0378}"
EndProject
Project("{FAE04EC0-301F-11D3-BF4B-00C04F79EFBC}") = "HelloUnoNdc.Wasm", "HelloUnoNdc\HelloUnoNdc.Wasm\HelloUnoNdc.Wasm.csproj", "{EBB2D29F-3C20-4C30-B1C7-28EAFF63B661}"
EndProject
Project("{FAE04EC0-301F-11D3-BF4B-00C04F79EFBC}") = "HelloUnoNdc.macOS", "HelloUnoNdc\HelloUnoNdc.macOS\HelloUnoNdc.macOS.csproj", "{3EBBD670-5F07-4E25-B0D2-1BDDA95E03B0}"
EndProject
Project("{FAE04EC0-301F-11D3-BF4B-00C04F79EFBC}") = "HelloUnoNdc.Skia.Wpf.Host", "HelloUnoNdc\HelloUnoNdc.Skia.Wpf.Host\HelloUnoNdc.Skia.Wpf.Host.csproj", "{9C8DFE61-1AAA-41CE-B84D-68691FA307F8}"
EndProject
Project("{FAE04EC0-301F-11D3-BF4B-00C04F79EFBC}") = "HelloUnoNdc.Skia.Wpf", "HelloUnoNdc\HelloUnoNdc.Skia.Wpf\HelloUnoNdc.Skia.Wpf.csproj", "{6BD830D3-42EB-4868-8BD3-255AFCBD9AE8}"
EndProject
Project("{FAE04EC0-301F-11D3-BF4B-00C04F79EFBC}") = "HelloUnoNdc.Skia.Gtk", "HelloUnoNdc\HelloUnoNdc.Skia.Gtk\HelloUnoNdc.Skia.Gtk.csproj", "{5993A630-80E7-40CD-AB87-18A15B3A7A8B}"
EndProject
Project("{FAE04EC0-301F-11D3-BF4B-00C04F79EFBC}") = "HelloUnoNdc.Skia.Tizen", "HelloUnoNdc\HelloUnoNdc.Skia.Tizen\HelloUnoNdc.Skia.Tizen.csproj", "{C0C2C440-97FD-429F-87AE-261868BC7144}"
EndProject
Global
	GlobalSection(SharedMSBuildProjectFiles) = preSolution
		HelloUnoNdc\HelloUnoNdc.Shared\HelloUnoNdc.Shared.projitems*{3ebbd670-5f07-4e25-b0d2-1bdda95e03b0}*SharedItemsImports = 4
		HelloUnoNdc\HelloUnoNdc.Shared\HelloUnoNdc.Shared.projitems*{5993a630-80e7-40cd-ab87-18a15b3a7a8b}*SharedItemsImports = 5
		HelloUnoNdc\HelloUnoNdc.Shared\HelloUnoNdc.Shared.projitems*{6279c845-92f8-4333-ab99-3d213163593c}*SharedItemsImports = 13
		HelloUnoNdc\HelloUnoNdc.Shared\HelloUnoNdc.Shared.projitems*{6bd830d3-42eb-4868-8bd3-255afcbd9ae8}*SharedItemsImports = 5
		HelloUnoNdc\HelloUnoNdc.Shared\HelloUnoNdc.Shared.projitems*{8d7550ed-3424-41bc-8764-a66acaa4f2d8}*SharedItemsImports = 4
		HelloUnoNdc\HelloUnoNdc.Shared\HelloUnoNdc.Shared.projitems*{c0c2c440-97fd-429f-87ae-261868bc7144}*SharedItemsImports = 5
		HelloUnoNdc\HelloUnoNdc.Shared\HelloUnoNdc.Shared.projitems*{d5978d3c-141f-49f9-a6a9-7ea1ae7bc700}*SharedItemsImports = 4
		HelloUnoNdc\HelloUnoNdc.Shared\HelloUnoNdc.Shared.projitems*{d665999e-5002-4ac8-8f67-3a715d2d0378}*SharedItemsImports = 4
		HelloUnoNdc\HelloUnoNdc.Shared\HelloUnoNdc.Shared.projitems*{ebb2d29f-3c20-4c30-b1c7-28eaff63b661}*SharedItemsImports = 5
	EndGlobalSection
	GlobalSection(SolutionConfigurationPlatforms) = preSolution
		Ad-Hoc|Any CPU = Ad-Hoc|Any CPU
		Ad-Hoc|ARM = Ad-Hoc|ARM
		Ad-Hoc|ARM64 = Ad-Hoc|ARM64
		Ad-Hoc|iPhone = Ad-Hoc|iPhone
		Ad-Hoc|iPhoneSimulator = Ad-Hoc|iPhoneSimulator
		Ad-Hoc|x64 = Ad-Hoc|x64
		Ad-Hoc|x86 = Ad-Hoc|x86
		AppStore|Any CPU = AppStore|Any CPU
		AppStore|ARM = AppStore|ARM
		AppStore|ARM64 = AppStore|ARM64
		AppStore|iPhone = AppStore|iPhone
		AppStore|iPhoneSimulator = AppStore|iPhoneSimulator
		AppStore|x64 = AppStore|x64
		AppStore|x86 = AppStore|x86
		Debug|Any CPU = Debug|Any CPU
		Debug|ARM = Debug|ARM
		Debug|ARM64 = Debug|ARM64
		Debug|iPhone = Debug|iPhone
		Debug|iPhoneSimulator = Debug|iPhoneSimulator
		Debug|x64 = Debug|x64
		Debug|x86 = Debug|x86
		Release|Any CPU = Release|Any CPU
		Release|ARM = Release|ARM
		Release|ARM64 = Release|ARM64
		Release|iPhone = Release|iPhone
		Release|iPhoneSimulator = Release|iPhoneSimulator
		Release|x64 = Release|x64
		Release|x86 = Release|x86
	EndGlobalSection
	GlobalSection(ProjectConfigurationPlatforms) = postSolution
		{8D7550ED-3424-41BC-8764-A66ACAA4F2D8}.Ad-Hoc|Any CPU.ActiveCfg = Debug|Any CPU
		{8D7550ED-3424-41BC-8764-A66ACAA4F2D8}.Ad-Hoc|Any CPU.Build.0 = Debug|Any CPU
		{8D7550ED-3424-41BC-8764-A66ACAA4F2D8}.Ad-Hoc|Any CPU.Deploy.0 = Debug|Any CPU
		{8D7550ED-3424-41BC-8764-A66ACAA4F2D8}.Ad-Hoc|ARM.ActiveCfg = Debug|Any CPU
		{8D7550ED-3424-41BC-8764-A66ACAA4F2D8}.Ad-Hoc|ARM.Build.0 = Debug|Any CPU
		{8D7550ED-3424-41BC-8764-A66ACAA4F2D8}.Ad-Hoc|ARM.Deploy.0 = Debug|Any CPU
		{8D7550ED-3424-41BC-8764-A66ACAA4F2D8}.Ad-Hoc|ARM64.ActiveCfg = Debug|Any CPU
		{8D7550ED-3424-41BC-8764-A66ACAA4F2D8}.Ad-Hoc|ARM64.Build.0 = Debug|Any CPU
		{8D7550ED-3424-41BC-8764-A66ACAA4F2D8}.Ad-Hoc|ARM64.Deploy.0 = Debug|Any CPU
		{8D7550ED-3424-41BC-8764-A66ACAA4F2D8}.Ad-Hoc|iPhone.ActiveCfg = Debug|Any CPU
		{8D7550ED-3424-41BC-8764-A66ACAA4F2D8}.Ad-Hoc|iPhone.Build.0 = Debug|Any CPU
		{8D7550ED-3424-41BC-8764-A66ACAA4F2D8}.Ad-Hoc|iPhone.Deploy.0 = Debug|Any CPU
		{8D7550ED-3424-41BC-8764-A66ACAA4F2D8}.Ad-Hoc|iPhoneSimulator.ActiveCfg = Debug|Any CPU
		{8D7550ED-3424-41BC-8764-A66ACAA4F2D8}.Ad-Hoc|iPhoneSimulator.Build.0 = Debug|Any CPU
		{8D7550ED-3424-41BC-8764-A66ACAA4F2D8}.Ad-Hoc|iPhoneSimulator.Deploy.0 = Debug|Any CPU
		{8D7550ED-3424-41BC-8764-A66ACAA4F2D8}.Ad-Hoc|x64.ActiveCfg = Debug|Any CPU
		{8D7550ED-3424-41BC-8764-A66ACAA4F2D8}.Ad-Hoc|x64.Build.0 = Debug|Any CPU
		{8D7550ED-3424-41BC-8764-A66ACAA4F2D8}.Ad-Hoc|x64.Deploy.0 = Debug|Any CPU
		{8D7550ED-3424-41BC-8764-A66ACAA4F2D8}.Ad-Hoc|x86.ActiveCfg = Debug|Any CPU
		{8D7550ED-3424-41BC-8764-A66ACAA4F2D8}.Ad-Hoc|x86.Build.0 = Debug|Any CPU
		{8D7550ED-3424-41BC-8764-A66ACAA4F2D8}.Ad-Hoc|x86.Deploy.0 = Debug|Any CPU
		{8D7550ED-3424-41BC-8764-A66ACAA4F2D8}.AppStore|Any CPU.ActiveCfg = Debug|Any CPU
		{8D7550ED-3424-41BC-8764-A66ACAA4F2D8}.AppStore|Any CPU.Build.0 = Debug|Any CPU
		{8D7550ED-3424-41BC-8764-A66ACAA4F2D8}.AppStore|Any CPU.Deploy.0 = Debug|Any CPU
		{8D7550ED-3424-41BC-8764-A66ACAA4F2D8}.AppStore|ARM.ActiveCfg = Debug|Any CPU
		{8D7550ED-3424-41BC-8764-A66ACAA4F2D8}.AppStore|ARM.Build.0 = Debug|Any CPU
		{8D7550ED-3424-41BC-8764-A66ACAA4F2D8}.AppStore|ARM.Deploy.0 = Debug|Any CPU
		{8D7550ED-3424-41BC-8764-A66ACAA4F2D8}.AppStore|ARM64.ActiveCfg = Debug|Any CPU
		{8D7550ED-3424-41BC-8764-A66ACAA4F2D8}.AppStore|ARM64.Build.0 = Debug|Any CPU
		{8D7550ED-3424-41BC-8764-A66ACAA4F2D8}.AppStore|ARM64.Deploy.0 = Debug|Any CPU
		{8D7550ED-3424-41BC-8764-A66ACAA4F2D8}.AppStore|iPhone.ActiveCfg = Debug|Any CPU
		{8D7550ED-3424-41BC-8764-A66ACAA4F2D8}.AppStore|iPhone.Build.0 = Debug|Any CPU
		{8D7550ED-3424-41BC-8764-A66ACAA4F2D8}.AppStore|iPhone.Deploy.0 = Debug|Any CPU
		{8D7550ED-3424-41BC-8764-A66ACAA4F2D8}.AppStore|iPhoneSimulator.ActiveCfg = Debug|Any CPU
		{8D7550ED-3424-41BC-8764-A66ACAA4F2D8}.AppStore|iPhoneSimulator.Build.0 = Debug|Any CPU
		{8D7550ED-3424-41BC-8764-A66ACAA4F2D8}.AppStore|iPhoneSimulator.Deploy.0 = Debug|Any CPU
		{8D7550ED-3424-41BC-8764-A66ACAA4F2D8}.AppStore|x64.ActiveCfg = Debug|Any CPU
		{8D7550ED-3424-41BC-8764-A66ACAA4F2D8}.AppStore|x64.Build.0 = Debug|Any CPU
		{8D7550ED-3424-41BC-8764-A66ACAA4F2D8}.AppStore|x64.Deploy.0 = Debug|Any CPU
		{8D7550ED-3424-41BC-8764-A66ACAA4F2D8}.AppStore|x86.ActiveCfg = Debug|Any CPU
		{8D7550ED-3424-41BC-8764-A66ACAA4F2D8}.AppStore|x86.Build.0 = Debug|Any CPU
		{8D7550ED-3424-41BC-8764-A66ACAA4F2D8}.AppStore|x86.Deploy.0 = Debug|Any CPU
		{8D7550ED-3424-41BC-8764-A66ACAA4F2D8}.Debug|Any CPU.ActiveCfg = Debug|Any CPU
		{8D7550ED-3424-41BC-8764-A66ACAA4F2D8}.Debug|Any CPU.Build.0 = Debug|Any CPU
		{8D7550ED-3424-41BC-8764-A66ACAA4F2D8}.Debug|Any CPU.Deploy.0 = Debug|Any CPU
		{8D7550ED-3424-41BC-8764-A66ACAA4F2D8}.Debug|ARM.ActiveCfg = Debug|Any CPU
		{8D7550ED-3424-41BC-8764-A66ACAA4F2D8}.Debug|ARM.Build.0 = Debug|Any CPU
		{8D7550ED-3424-41BC-8764-A66ACAA4F2D8}.Debug|ARM.Deploy.0 = Debug|Any CPU
		{8D7550ED-3424-41BC-8764-A66ACAA4F2D8}.Debug|ARM64.ActiveCfg = Debug|Any CPU
		{8D7550ED-3424-41BC-8764-A66ACAA4F2D8}.Debug|ARM64.Build.0 = Debug|Any CPU
		{8D7550ED-3424-41BC-8764-A66ACAA4F2D8}.Debug|ARM64.Deploy.0 = Debug|Any CPU
		{8D7550ED-3424-41BC-8764-A66ACAA4F2D8}.Debug|iPhone.ActiveCfg = Debug|Any CPU
		{8D7550ED-3424-41BC-8764-A66ACAA4F2D8}.Debug|iPhone.Build.0 = Debug|Any CPU
		{8D7550ED-3424-41BC-8764-A66ACAA4F2D8}.Debug|iPhone.Deploy.0 = Debug|Any CPU
		{8D7550ED-3424-41BC-8764-A66ACAA4F2D8}.Debug|iPhoneSimulator.ActiveCfg = Debug|Any CPU
		{8D7550ED-3424-41BC-8764-A66ACAA4F2D8}.Debug|iPhoneSimulator.Build.0 = Debug|Any CPU
		{8D7550ED-3424-41BC-8764-A66ACAA4F2D8}.Debug|iPhoneSimulator.Deploy.0 = Debug|Any CPU
		{8D7550ED-3424-41BC-8764-A66ACAA4F2D8}.Debug|x64.ActiveCfg = Debug|Any CPU
		{8D7550ED-3424-41BC-8764-A66ACAA4F2D8}.Debug|x64.Build.0 = Debug|Any CPU
		{8D7550ED-3424-41BC-8764-A66ACAA4F2D8}.Debug|x64.Deploy.0 = Debug|Any CPU
		{8D7550ED-3424-41BC-8764-A66ACAA4F2D8}.Debug|x86.ActiveCfg = Debug|Any CPU
		{8D7550ED-3424-41BC-8764-A66ACAA4F2D8}.Debug|x86.Build.0 = Debug|Any CPU
		{8D7550ED-3424-41BC-8764-A66ACAA4F2D8}.Debug|x86.Deploy.0 = Debug|Any CPU
		{8D7550ED-3424-41BC-8764-A66ACAA4F2D8}.Release|Any CPU.ActiveCfg = Release|Any CPU
		{8D7550ED-3424-41BC-8764-A66ACAA4F2D8}.Release|Any CPU.Build.0 = Release|Any CPU
		{8D7550ED-3424-41BC-8764-A66ACAA4F2D8}.Release|Any CPU.Deploy.0 = Release|Any CPU
		{8D7550ED-3424-41BC-8764-A66ACAA4F2D8}.Release|ARM.ActiveCfg = Release|Any CPU
		{8D7550ED-3424-41BC-8764-A66ACAA4F2D8}.Release|ARM.Build.0 = Release|Any CPU
		{8D7550ED-3424-41BC-8764-A66ACAA4F2D8}.Release|ARM.Deploy.0 = Release|Any CPU
		{8D7550ED-3424-41BC-8764-A66ACAA4F2D8}.Release|ARM64.ActiveCfg = Release|Any CPU
		{8D7550ED-3424-41BC-8764-A66ACAA4F2D8}.Release|ARM64.Build.0 = Release|Any CPU
		{8D7550ED-3424-41BC-8764-A66ACAA4F2D8}.Release|ARM64.Deploy.0 = Release|Any CPU
		{8D7550ED-3424-41BC-8764-A66ACAA4F2D8}.Release|iPhone.ActiveCfg = Release|Any CPU
		{8D7550ED-3424-41BC-8764-A66ACAA4F2D8}.Release|iPhone.Build.0 = Release|Any CPU
		{8D7550ED-3424-41BC-8764-A66ACAA4F2D8}.Release|iPhone.Deploy.0 = Release|Any CPU
		{8D7550ED-3424-41BC-8764-A66ACAA4F2D8}.Release|iPhoneSimulator.ActiveCfg = Release|Any CPU
		{8D7550ED-3424-41BC-8764-A66ACAA4F2D8}.Release|iPhoneSimulator.Build.0 = Release|Any CPU
		{8D7550ED-3424-41BC-8764-A66ACAA4F2D8}.Release|iPhoneSimulator.Deploy.0 = Release|Any CPU
		{8D7550ED-3424-41BC-8764-A66ACAA4F2D8}.Release|x64.ActiveCfg = Release|Any CPU
		{8D7550ED-3424-41BC-8764-A66ACAA4F2D8}.Release|x64.Build.0 = Release|Any CPU
		{8D7550ED-3424-41BC-8764-A66ACAA4F2D8}.Release|x64.Deploy.0 = Release|Any CPU
		{8D7550ED-3424-41BC-8764-A66ACAA4F2D8}.Release|x86.ActiveCfg = Release|Any CPU
		{8D7550ED-3424-41BC-8764-A66ACAA4F2D8}.Release|x86.Build.0 = Release|Any CPU
		{8D7550ED-3424-41BC-8764-A66ACAA4F2D8}.Release|x86.Deploy.0 = Release|Any CPU
		{D5978D3C-141F-49F9-A6A9-7EA1AE7BC700}.Ad-Hoc|Any CPU.ActiveCfg = Ad-Hoc|iPhoneSimulator
		{D5978D3C-141F-49F9-A6A9-7EA1AE7BC700}.Ad-Hoc|Any CPU.Build.0 = Ad-Hoc|iPhoneSimulator
		{D5978D3C-141F-49F9-A6A9-7EA1AE7BC700}.Ad-Hoc|ARM.ActiveCfg = Ad-Hoc|iPhoneSimulator
		{D5978D3C-141F-49F9-A6A9-7EA1AE7BC700}.Ad-Hoc|ARM.Build.0 = Ad-Hoc|iPhoneSimulator
		{D5978D3C-141F-49F9-A6A9-7EA1AE7BC700}.Ad-Hoc|ARM64.ActiveCfg = Ad-Hoc|iPhoneSimulator
		{D5978D3C-141F-49F9-A6A9-7EA1AE7BC700}.Ad-Hoc|ARM64.Build.0 = Ad-Hoc|iPhoneSimulator
		{D5978D3C-141F-49F9-A6A9-7EA1AE7BC700}.Ad-Hoc|iPhone.ActiveCfg = Ad-Hoc|iPhone
		{D5978D3C-141F-49F9-A6A9-7EA1AE7BC700}.Ad-Hoc|iPhone.Build.0 = Ad-Hoc|iPhone
		{D5978D3C-141F-49F9-A6A9-7EA1AE7BC700}.Ad-Hoc|iPhoneSimulator.ActiveCfg = Ad-Hoc|iPhoneSimulator
		{D5978D3C-141F-49F9-A6A9-7EA1AE7BC700}.Ad-Hoc|iPhoneSimulator.Build.0 = Ad-Hoc|iPhoneSimulator
		{D5978D3C-141F-49F9-A6A9-7EA1AE7BC700}.Ad-Hoc|x64.ActiveCfg = Ad-Hoc|iPhoneSimulator
		{D5978D3C-141F-49F9-A6A9-7EA1AE7BC700}.Ad-Hoc|x64.Build.0 = Ad-Hoc|iPhoneSimulator
		{D5978D3C-141F-49F9-A6A9-7EA1AE7BC700}.Ad-Hoc|x86.ActiveCfg = Ad-Hoc|iPhoneSimulator
		{D5978D3C-141F-49F9-A6A9-7EA1AE7BC700}.Ad-Hoc|x86.Build.0 = Ad-Hoc|iPhoneSimulator
		{D5978D3C-141F-49F9-A6A9-7EA1AE7BC700}.AppStore|Any CPU.ActiveCfg = AppStore|iPhoneSimulator
		{D5978D3C-141F-49F9-A6A9-7EA1AE7BC700}.AppStore|Any CPU.Build.0 = AppStore|iPhoneSimulator
		{D5978D3C-141F-49F9-A6A9-7EA1AE7BC700}.AppStore|ARM.ActiveCfg = AppStore|iPhoneSimulator
		{D5978D3C-141F-49F9-A6A9-7EA1AE7BC700}.AppStore|ARM.Build.0 = AppStore|iPhoneSimulator
		{D5978D3C-141F-49F9-A6A9-7EA1AE7BC700}.AppStore|ARM64.ActiveCfg = AppStore|iPhoneSimulator
		{D5978D3C-141F-49F9-A6A9-7EA1AE7BC700}.AppStore|ARM64.Build.0 = AppStore|iPhoneSimulator
		{D5978D3C-141F-49F9-A6A9-7EA1AE7BC700}.AppStore|iPhone.ActiveCfg = AppStore|iPhone
		{D5978D3C-141F-49F9-A6A9-7EA1AE7BC700}.AppStore|iPhone.Build.0 = AppStore|iPhone
		{D5978D3C-141F-49F9-A6A9-7EA1AE7BC700}.AppStore|iPhoneSimulator.ActiveCfg = AppStore|iPhoneSimulator
		{D5978D3C-141F-49F9-A6A9-7EA1AE7BC700}.AppStore|iPhoneSimulator.Build.0 = AppStore|iPhoneSimulator
		{D5978D3C-141F-49F9-A6A9-7EA1AE7BC700}.AppStore|x64.ActiveCfg = AppStore|iPhoneSimulator
		{D5978D3C-141F-49F9-A6A9-7EA1AE7BC700}.AppStore|x64.Build.0 = AppStore|iPhoneSimulator
		{D5978D3C-141F-49F9-A6A9-7EA1AE7BC700}.AppStore|x86.ActiveCfg = AppStore|iPhoneSimulator
		{D5978D3C-141F-49F9-A6A9-7EA1AE7BC700}.AppStore|x86.Build.0 = AppStore|iPhoneSimulator
		{D5978D3C-141F-49F9-A6A9-7EA1AE7BC700}.Debug|Any CPU.ActiveCfg = Debug|iPhoneSimulator
		{D5978D3C-141F-49F9-A6A9-7EA1AE7BC700}.Debug|Any CPU.Build.0 = Debug|iPhoneSimulator
		{D5978D3C-141F-49F9-A6A9-7EA1AE7BC700}.Debug|ARM.ActiveCfg = Debug|iPhoneSimulator
		{D5978D3C-141F-49F9-A6A9-7EA1AE7BC700}.Debug|ARM.Build.0 = Debug|iPhoneSimulator
		{D5978D3C-141F-49F9-A6A9-7EA1AE7BC700}.Debug|ARM64.ActiveCfg = Debug|iPhoneSimulator
		{D5978D3C-141F-49F9-A6A9-7EA1AE7BC700}.Debug|ARM64.Build.0 = Debug|iPhoneSimulator
		{D5978D3C-141F-49F9-A6A9-7EA1AE7BC700}.Debug|iPhone.ActiveCfg = Debug|iPhone
		{D5978D3C-141F-49F9-A6A9-7EA1AE7BC700}.Debug|iPhone.Build.0 = Debug|iPhone
		{D5978D3C-141F-49F9-A6A9-7EA1AE7BC700}.Debug|iPhoneSimulator.ActiveCfg = Debug|iPhoneSimulator
		{D5978D3C-141F-49F9-A6A9-7EA1AE7BC700}.Debug|iPhoneSimulator.Build.0 = Debug|iPhoneSimulator
		{D5978D3C-141F-49F9-A6A9-7EA1AE7BC700}.Debug|x64.ActiveCfg = Debug|iPhoneSimulator
		{D5978D3C-141F-49F9-A6A9-7EA1AE7BC700}.Debug|x64.Build.0 = Debug|iPhoneSimulator
		{D5978D3C-141F-49F9-A6A9-7EA1AE7BC700}.Debug|x86.ActiveCfg = Debug|iPhoneSimulator
		{D5978D3C-141F-49F9-A6A9-7EA1AE7BC700}.Debug|x86.Build.0 = Debug|iPhoneSimulator
		{D5978D3C-141F-49F9-A6A9-7EA1AE7BC700}.Release|Any CPU.ActiveCfg = Release|iPhoneSimulator
		{D5978D3C-141F-49F9-A6A9-7EA1AE7BC700}.Release|Any CPU.Build.0 = Release|iPhoneSimulator
		{D5978D3C-141F-49F9-A6A9-7EA1AE7BC700}.Release|ARM.ActiveCfg = Release|iPhoneSimulator
		{D5978D3C-141F-49F9-A6A9-7EA1AE7BC700}.Release|ARM.Build.0 = Release|iPhoneSimulator
		{D5978D3C-141F-49F9-A6A9-7EA1AE7BC700}.Release|ARM64.ActiveCfg = Release|iPhoneSimulator
		{D5978D3C-141F-49F9-A6A9-7EA1AE7BC700}.Release|ARM64.Build.0 = Release|iPhoneSimulator
		{D5978D3C-141F-49F9-A6A9-7EA1AE7BC700}.Release|iPhone.ActiveCfg = Release|iPhone
		{D5978D3C-141F-49F9-A6A9-7EA1AE7BC700}.Release|iPhone.Build.0 = Release|iPhone
		{D5978D3C-141F-49F9-A6A9-7EA1AE7BC700}.Release|iPhoneSimulator.ActiveCfg = Release|iPhoneSimulator
		{D5978D3C-141F-49F9-A6A9-7EA1AE7BC700}.Release|iPhoneSimulator.Build.0 = Release|iPhoneSimulator
		{D5978D3C-141F-49F9-A6A9-7EA1AE7BC700}.Release|x64.ActiveCfg = Release|iPhoneSimulator
		{D5978D3C-141F-49F9-A6A9-7EA1AE7BC700}.Release|x64.Build.0 = Release|iPhoneSimulator
		{D5978D3C-141F-49F9-A6A9-7EA1AE7BC700}.Release|x86.ActiveCfg = Release|iPhoneSimulator
		{D5978D3C-141F-49F9-A6A9-7EA1AE7BC700}.Release|x86.Build.0 = Release|iPhoneSimulator
		{D665999E-5002-4AC8-8F67-3A715D2D0378}.Ad-Hoc|Any CPU.ActiveCfg = Debug|x86
		{D665999E-5002-4AC8-8F67-3A715D2D0378}.Ad-Hoc|Any CPU.Build.0 = Debug|x86
		{D665999E-5002-4AC8-8F67-3A715D2D0378}.Ad-Hoc|Any CPU.Deploy.0 = Debug|x86
		{D665999E-5002-4AC8-8F67-3A715D2D0378}.Ad-Hoc|ARM.ActiveCfg = Debug|ARM
		{D665999E-5002-4AC8-8F67-3A715D2D0378}.Ad-Hoc|ARM.Build.0 = Debug|ARM
		{D665999E-5002-4AC8-8F67-3A715D2D0378}.Ad-Hoc|ARM.Deploy.0 = Debug|ARM
		{D665999E-5002-4AC8-8F67-3A715D2D0378}.Ad-Hoc|ARM64.ActiveCfg = Debug|ARM64
		{D665999E-5002-4AC8-8F67-3A715D2D0378}.Ad-Hoc|ARM64.Build.0 = Debug|ARM64
		{D665999E-5002-4AC8-8F67-3A715D2D0378}.Ad-Hoc|ARM64.Deploy.0 = Debug|ARM64
		{D665999E-5002-4AC8-8F67-3A715D2D0378}.Ad-Hoc|iPhone.ActiveCfg = Debug|x86
		{D665999E-5002-4AC8-8F67-3A715D2D0378}.Ad-Hoc|iPhone.Build.0 = Debug|x86
		{D665999E-5002-4AC8-8F67-3A715D2D0378}.Ad-Hoc|iPhone.Deploy.0 = Debug|x86
		{D665999E-5002-4AC8-8F67-3A715D2D0378}.Ad-Hoc|iPhoneSimulator.ActiveCfg = Debug|x86
		{D665999E-5002-4AC8-8F67-3A715D2D0378}.Ad-Hoc|iPhoneSimulator.Build.0 = Debug|x86
		{D665999E-5002-4AC8-8F67-3A715D2D0378}.Ad-Hoc|iPhoneSimulator.Deploy.0 = Debug|x86
		{D665999E-5002-4AC8-8F67-3A715D2D0378}.Ad-Hoc|x64.ActiveCfg = Debug|x64
		{D665999E-5002-4AC8-8F67-3A715D2D0378}.Ad-Hoc|x64.Build.0 = Debug|x64
		{D665999E-5002-4AC8-8F67-3A715D2D0378}.Ad-Hoc|x64.Deploy.0 = Debug|x64
		{D665999E-5002-4AC8-8F67-3A715D2D0378}.Ad-Hoc|x86.ActiveCfg = Debug|x86
		{D665999E-5002-4AC8-8F67-3A715D2D0378}.Ad-Hoc|x86.Build.0 = Debug|x86
		{D665999E-5002-4AC8-8F67-3A715D2D0378}.Ad-Hoc|x86.Deploy.0 = Debug|x86
		{D665999E-5002-4AC8-8F67-3A715D2D0378}.AppStore|Any CPU.ActiveCfg = Debug|x86
		{D665999E-5002-4AC8-8F67-3A715D2D0378}.AppStore|Any CPU.Build.0 = Debug|x86
		{D665999E-5002-4AC8-8F67-3A715D2D0378}.AppStore|Any CPU.Deploy.0 = Debug|x86
		{D665999E-5002-4AC8-8F67-3A715D2D0378}.AppStore|ARM.ActiveCfg = Debug|ARM
		{D665999E-5002-4AC8-8F67-3A715D2D0378}.AppStore|ARM.Build.0 = Debug|ARM
		{D665999E-5002-4AC8-8F67-3A715D2D0378}.AppStore|ARM.Deploy.0 = Debug|ARM
		{D665999E-5002-4AC8-8F67-3A715D2D0378}.AppStore|ARM64.ActiveCfg = Debug|ARM64
		{D665999E-5002-4AC8-8F67-3A715D2D0378}.AppStore|ARM64.Build.0 = Debug|ARM64
		{D665999E-5002-4AC8-8F67-3A715D2D0378}.AppStore|ARM64.Deploy.0 = Debug|ARM64
		{D665999E-5002-4AC8-8F67-3A715D2D0378}.AppStore|iPhone.ActiveCfg = Debug|x86
		{D665999E-5002-4AC8-8F67-3A715D2D0378}.AppStore|iPhone.Build.0 = Debug|x86
		{D665999E-5002-4AC8-8F67-3A715D2D0378}.AppStore|iPhone.Deploy.0 = Debug|x86
		{D665999E-5002-4AC8-8F67-3A715D2D0378}.AppStore|iPhoneSimulator.ActiveCfg = Debug|x86
		{D665999E-5002-4AC8-8F67-3A715D2D0378}.AppStore|iPhoneSimulator.Build.0 = Debug|x86
		{D665999E-5002-4AC8-8F67-3A715D2D0378}.AppStore|iPhoneSimulator.Deploy.0 = Debug|x86
		{D665999E-5002-4AC8-8F67-3A715D2D0378}.AppStore|x64.ActiveCfg = Debug|x64
		{D665999E-5002-4AC8-8F67-3A715D2D0378}.AppStore|x64.Build.0 = Debug|x64
		{D665999E-5002-4AC8-8F67-3A715D2D0378}.AppStore|x64.Deploy.0 = Debug|x64
		{D665999E-5002-4AC8-8F67-3A715D2D0378}.AppStore|x86.ActiveCfg = Debug|x86
		{D665999E-5002-4AC8-8F67-3A715D2D0378}.AppStore|x86.Build.0 = Debug|x86
		{D665999E-5002-4AC8-8F67-3A715D2D0378}.AppStore|x86.Deploy.0 = Debug|x86
		{D665999E-5002-4AC8-8F67-3A715D2D0378}.Debug|Any CPU.ActiveCfg = Debug|x64
		{D665999E-5002-4AC8-8F67-3A715D2D0378}.Debug|Any CPU.Build.0 = Debug|x64
		{D665999E-5002-4AC8-8F67-3A715D2D0378}.Debug|Any CPU.Deploy.0 = Debug|x64
		{D665999E-5002-4AC8-8F67-3A715D2D0378}.Debug|ARM.ActiveCfg = Debug|ARM
		{D665999E-5002-4AC8-8F67-3A715D2D0378}.Debug|ARM.Build.0 = Debug|ARM
		{D665999E-5002-4AC8-8F67-3A715D2D0378}.Debug|ARM.Deploy.0 = Debug|ARM
		{D665999E-5002-4AC8-8F67-3A715D2D0378}.Debug|ARM64.ActiveCfg = Debug|ARM64
		{D665999E-5002-4AC8-8F67-3A715D2D0378}.Debug|ARM64.Build.0 = Debug|ARM64
		{D665999E-5002-4AC8-8F67-3A715D2D0378}.Debug|ARM64.Deploy.0 = Debug|ARM64
		{D665999E-5002-4AC8-8F67-3A715D2D0378}.Debug|iPhone.ActiveCfg = Debug|x64
		{D665999E-5002-4AC8-8F67-3A715D2D0378}.Debug|iPhone.Build.0 = Debug|x64
		{D665999E-5002-4AC8-8F67-3A715D2D0378}.Debug|iPhone.Deploy.0 = Debug|x64
		{D665999E-5002-4AC8-8F67-3A715D2D0378}.Debug|iPhoneSimulator.ActiveCfg = Debug|x64
		{D665999E-5002-4AC8-8F67-3A715D2D0378}.Debug|iPhoneSimulator.Build.0 = Debug|x64
		{D665999E-5002-4AC8-8F67-3A715D2D0378}.Debug|iPhoneSimulator.Deploy.0 = Debug|x64
		{D665999E-5002-4AC8-8F67-3A715D2D0378}.Debug|x64.ActiveCfg = Debug|x64
		{D665999E-5002-4AC8-8F67-3A715D2D0378}.Debug|x64.Build.0 = Debug|x64
		{D665999E-5002-4AC8-8F67-3A715D2D0378}.Debug|x64.Deploy.0 = Debug|x64
		{D665999E-5002-4AC8-8F67-3A715D2D0378}.Debug|x86.ActiveCfg = Debug|x86
		{D665999E-5002-4AC8-8F67-3A715D2D0378}.Debug|x86.Build.0 = Debug|x86
		{D665999E-5002-4AC8-8F67-3A715D2D0378}.Debug|x86.Deploy.0 = Debug|x86
		{D665999E-5002-4AC8-8F67-3A715D2D0378}.Release|Any CPU.ActiveCfg = Release|x64
		{D665999E-5002-4AC8-8F67-3A715D2D0378}.Release|Any CPU.Build.0 = Release|x64
		{D665999E-5002-4AC8-8F67-3A715D2D0378}.Release|Any CPU.Deploy.0 = Release|x64
		{D665999E-5002-4AC8-8F67-3A715D2D0378}.Release|ARM.ActiveCfg = Release|ARM
		{D665999E-5002-4AC8-8F67-3A715D2D0378}.Release|ARM.Build.0 = Release|ARM
		{D665999E-5002-4AC8-8F67-3A715D2D0378}.Release|ARM.Deploy.0 = Release|ARM
		{D665999E-5002-4AC8-8F67-3A715D2D0378}.Release|ARM64.ActiveCfg = Release|ARM64
		{D665999E-5002-4AC8-8F67-3A715D2D0378}.Release|ARM64.Build.0 = Release|ARM64
		{D665999E-5002-4AC8-8F67-3A715D2D0378}.Release|ARM64.Deploy.0 = Release|ARM64
		{D665999E-5002-4AC8-8F67-3A715D2D0378}.Release|iPhone.ActiveCfg = Release|x64
		{D665999E-5002-4AC8-8F67-3A715D2D0378}.Release|iPhone.Build.0 = Release|x64
		{D665999E-5002-4AC8-8F67-3A715D2D0378}.Release|iPhone.Deploy.0 = Release|x64
		{D665999E-5002-4AC8-8F67-3A715D2D0378}.Release|iPhoneSimulator.ActiveCfg = Release|x64
		{D665999E-5002-4AC8-8F67-3A715D2D0378}.Release|iPhoneSimulator.Build.0 = Release|x64
		{D665999E-5002-4AC8-8F67-3A715D2D0378}.Release|iPhoneSimulator.Deploy.0 = Release|x64
		{D665999E-5002-4AC8-8F67-3A715D2D0378}.Release|x64.ActiveCfg = Release|x64
		{D665999E-5002-4AC8-8F67-3A715D2D0378}.Release|x64.Build.0 = Release|x64
		{D665999E-5002-4AC8-8F67-3A715D2D0378}.Release|x64.Deploy.0 = Release|x64
		{D665999E-5002-4AC8-8F67-3A715D2D0378}.Release|x86.ActiveCfg = Release|x86
		{D665999E-5002-4AC8-8F67-3A715D2D0378}.Release|x86.Build.0 = Release|x86
		{D665999E-5002-4AC8-8F67-3A715D2D0378}.Release|x86.Deploy.0 = Release|x86
		{EBB2D29F-3C20-4C30-B1C7-28EAFF63B661}.Ad-Hoc|Any CPU.ActiveCfg = Debug|Any CPU
		{EBB2D29F-3C20-4C30-B1C7-28EAFF63B661}.Ad-Hoc|Any CPU.Build.0 = Debug|Any CPU
		{EBB2D29F-3C20-4C30-B1C7-28EAFF63B661}.Ad-Hoc|ARM.ActiveCfg = Debug|Any CPU
		{EBB2D29F-3C20-4C30-B1C7-28EAFF63B661}.Ad-Hoc|ARM.Build.0 = Debug|Any CPU
		{EBB2D29F-3C20-4C30-B1C7-28EAFF63B661}.Ad-Hoc|ARM64.ActiveCfg = Debug|Any CPU
		{EBB2D29F-3C20-4C30-B1C7-28EAFF63B661}.Ad-Hoc|ARM64.Build.0 = Debug|Any CPU
		{EBB2D29F-3C20-4C30-B1C7-28EAFF63B661}.Ad-Hoc|iPhone.ActiveCfg = Debug|Any CPU
		{EBB2D29F-3C20-4C30-B1C7-28EAFF63B661}.Ad-Hoc|iPhone.Build.0 = Debug|Any CPU
		{EBB2D29F-3C20-4C30-B1C7-28EAFF63B661}.Ad-Hoc|iPhoneSimulator.ActiveCfg = Debug|Any CPU
		{EBB2D29F-3C20-4C30-B1C7-28EAFF63B661}.Ad-Hoc|iPhoneSimulator.Build.0 = Debug|Any CPU
		{EBB2D29F-3C20-4C30-B1C7-28EAFF63B661}.Ad-Hoc|x64.ActiveCfg = Debug|Any CPU
		{EBB2D29F-3C20-4C30-B1C7-28EAFF63B661}.Ad-Hoc|x64.Build.0 = Debug|Any CPU
		{EBB2D29F-3C20-4C30-B1C7-28EAFF63B661}.Ad-Hoc|x86.ActiveCfg = Debug|Any CPU
		{EBB2D29F-3C20-4C30-B1C7-28EAFF63B661}.Ad-Hoc|x86.Build.0 = Debug|Any CPU
		{EBB2D29F-3C20-4C30-B1C7-28EAFF63B661}.AppStore|Any CPU.ActiveCfg = Debug|Any CPU
		{EBB2D29F-3C20-4C30-B1C7-28EAFF63B661}.AppStore|Any CPU.Build.0 = Debug|Any CPU
		{EBB2D29F-3C20-4C30-B1C7-28EAFF63B661}.AppStore|ARM.ActiveCfg = Debug|Any CPU
		{EBB2D29F-3C20-4C30-B1C7-28EAFF63B661}.AppStore|ARM.Build.0 = Debug|Any CPU
		{EBB2D29F-3C20-4C30-B1C7-28EAFF63B661}.AppStore|ARM64.ActiveCfg = Debug|Any CPU
		{EBB2D29F-3C20-4C30-B1C7-28EAFF63B661}.AppStore|ARM64.Build.0 = Debug|Any CPU
		{EBB2D29F-3C20-4C30-B1C7-28EAFF63B661}.AppStore|iPhone.ActiveCfg = Debug|Any CPU
		{EBB2D29F-3C20-4C30-B1C7-28EAFF63B661}.AppStore|iPhone.Build.0 = Debug|Any CPU
		{EBB2D29F-3C20-4C30-B1C7-28EAFF63B661}.AppStore|iPhoneSimulator.ActiveCfg = Debug|Any CPU
		{EBB2D29F-3C20-4C30-B1C7-28EAFF63B661}.AppStore|iPhoneSimulator.Build.0 = Debug|Any CPU
		{EBB2D29F-3C20-4C30-B1C7-28EAFF63B661}.AppStore|x64.ActiveCfg = Debug|Any CPU
		{EBB2D29F-3C20-4C30-B1C7-28EAFF63B661}.AppStore|x64.Build.0 = Debug|Any CPU
		{EBB2D29F-3C20-4C30-B1C7-28EAFF63B661}.AppStore|x86.ActiveCfg = Debug|Any CPU
		{EBB2D29F-3C20-4C30-B1C7-28EAFF63B661}.AppStore|x86.Build.0 = Debug|Any CPU
		{EBB2D29F-3C20-4C30-B1C7-28EAFF63B661}.Debug|Any CPU.ActiveCfg = Debug|Any CPU
		{EBB2D29F-3C20-4C30-B1C7-28EAFF63B661}.Debug|Any CPU.Build.0 = Debug|Any CPU
		{EBB2D29F-3C20-4C30-B1C7-28EAFF63B661}.Debug|ARM.ActiveCfg = Debug|Any CPU
		{EBB2D29F-3C20-4C30-B1C7-28EAFF63B661}.Debug|ARM.Build.0 = Debug|Any CPU
		{EBB2D29F-3C20-4C30-B1C7-28EAFF63B661}.Debug|ARM64.ActiveCfg = Debug|Any CPU
		{EBB2D29F-3C20-4C30-B1C7-28EAFF63B661}.Debug|ARM64.Build.0 = Debug|Any CPU
		{EBB2D29F-3C20-4C30-B1C7-28EAFF63B661}.Debug|iPhone.ActiveCfg = Debug|Any CPU
		{EBB2D29F-3C20-4C30-B1C7-28EAFF63B661}.Debug|iPhone.Build.0 = Debug|Any CPU
		{EBB2D29F-3C20-4C30-B1C7-28EAFF63B661}.Debug|iPhoneSimulator.ActiveCfg = Debug|Any CPU
		{EBB2D29F-3C20-4C30-B1C7-28EAFF63B661}.Debug|iPhoneSimulator.Build.0 = Debug|Any CPU
		{EBB2D29F-3C20-4C30-B1C7-28EAFF63B661}.Debug|x64.ActiveCfg = Debug|Any CPU
		{EBB2D29F-3C20-4C30-B1C7-28EAFF63B661}.Debug|x64.Build.0 = Debug|Any CPU
		{EBB2D29F-3C20-4C30-B1C7-28EAFF63B661}.Debug|x86.ActiveCfg = Debug|Any CPU
		{EBB2D29F-3C20-4C30-B1C7-28EAFF63B661}.Debug|x86.Build.0 = Debug|Any CPU
		{EBB2D29F-3C20-4C30-B1C7-28EAFF63B661}.Release|Any CPU.ActiveCfg = Release|Any CPU
		{EBB2D29F-3C20-4C30-B1C7-28EAFF63B661}.Release|Any CPU.Build.0 = Release|Any CPU
		{EBB2D29F-3C20-4C30-B1C7-28EAFF63B661}.Release|ARM.ActiveCfg = Release|Any CPU
		{EBB2D29F-3C20-4C30-B1C7-28EAFF63B661}.Release|ARM.Build.0 = Release|Any CPU
		{EBB2D29F-3C20-4C30-B1C7-28EAFF63B661}.Release|ARM64.ActiveCfg = Release|Any CPU
		{EBB2D29F-3C20-4C30-B1C7-28EAFF63B661}.Release|ARM64.Build.0 = Release|Any CPU
		{EBB2D29F-3C20-4C30-B1C7-28EAFF63B661}.Release|iPhone.ActiveCfg = Release|Any CPU
		{EBB2D29F-3C20-4C30-B1C7-28EAFF63B661}.Release|iPhone.Build.0 = Release|Any CPU
		{EBB2D29F-3C20-4C30-B1C7-28EAFF63B661}.Release|iPhoneSimulator.ActiveCfg = Release|Any CPU
		{EBB2D29F-3C20-4C30-B1C7-28EAFF63B661}.Release|iPhoneSimulator.Build.0 = Release|Any CPU
		{EBB2D29F-3C20-4C30-B1C7-28EAFF63B661}.Release|x64.ActiveCfg = Release|Any CPU
		{EBB2D29F-3C20-4C30-B1C7-28EAFF63B661}.Release|x64.Build.0 = Release|Any CPU
		{EBB2D29F-3C20-4C30-B1C7-28EAFF63B661}.Release|x86.ActiveCfg = Release|Any CPU
		{EBB2D29F-3C20-4C30-B1C7-28EAFF63B661}.Release|x86.Build.0 = Release|Any CPU
		{3EBBD670-5F07-4E25-B0D2-1BDDA95E03B0}.Ad-Hoc|Any CPU.ActiveCfg = Debug|iPhoneSimulator
		{3EBBD670-5F07-4E25-B0D2-1BDDA95E03B0}.Ad-Hoc|Any CPU.Build.0 = Debug|iPhoneSimulator
		{3EBBD670-5F07-4E25-B0D2-1BDDA95E03B0}.Ad-Hoc|ARM.ActiveCfg = Debug|iPhoneSimulator
		{3EBBD670-5F07-4E25-B0D2-1BDDA95E03B0}.Ad-Hoc|ARM.Build.0 = Debug|iPhoneSimulator
		{3EBBD670-5F07-4E25-B0D2-1BDDA95E03B0}.Ad-Hoc|ARM64.ActiveCfg = Debug|iPhoneSimulator
		{3EBBD670-5F07-4E25-B0D2-1BDDA95E03B0}.Ad-Hoc|ARM64.Build.0 = Debug|iPhoneSimulator
		{3EBBD670-5F07-4E25-B0D2-1BDDA95E03B0}.Ad-Hoc|iPhone.ActiveCfg = Debug|iPhoneSimulator
		{3EBBD670-5F07-4E25-B0D2-1BDDA95E03B0}.Ad-Hoc|iPhone.Build.0 = Debug|iPhoneSimulator
		{3EBBD670-5F07-4E25-B0D2-1BDDA95E03B0}.Ad-Hoc|iPhoneSimulator.ActiveCfg = Debug|iPhoneSimulator
		{3EBBD670-5F07-4E25-B0D2-1BDDA95E03B0}.Ad-Hoc|iPhoneSimulator.Build.0 = Debug|iPhoneSimulator
		{3EBBD670-5F07-4E25-B0D2-1BDDA95E03B0}.Ad-Hoc|x64.ActiveCfg = Debug|iPhoneSimulator
		{3EBBD670-5F07-4E25-B0D2-1BDDA95E03B0}.Ad-Hoc|x64.Build.0 = Debug|iPhoneSimulator
		{3EBBD670-5F07-4E25-B0D2-1BDDA95E03B0}.Ad-Hoc|x86.ActiveCfg = Debug|iPhoneSimulator
		{3EBBD670-5F07-4E25-B0D2-1BDDA95E03B0}.Ad-Hoc|x86.Build.0 = Debug|iPhoneSimulator
		{3EBBD670-5F07-4E25-B0D2-1BDDA95E03B0}.AppStore|Any CPU.ActiveCfg = Debug|iPhoneSimulator
		{3EBBD670-5F07-4E25-B0D2-1BDDA95E03B0}.AppStore|Any CPU.Build.0 = Debug|iPhoneSimulator
		{3EBBD670-5F07-4E25-B0D2-1BDDA95E03B0}.AppStore|ARM.ActiveCfg = Debug|iPhoneSimulator
		{3EBBD670-5F07-4E25-B0D2-1BDDA95E03B0}.AppStore|ARM.Build.0 = Debug|iPhoneSimulator
		{3EBBD670-5F07-4E25-B0D2-1BDDA95E03B0}.AppStore|ARM64.ActiveCfg = Debug|iPhoneSimulator
		{3EBBD670-5F07-4E25-B0D2-1BDDA95E03B0}.AppStore|ARM64.Build.0 = Debug|iPhoneSimulator
		{3EBBD670-5F07-4E25-B0D2-1BDDA95E03B0}.AppStore|iPhone.ActiveCfg = Debug|iPhoneSimulator
		{3EBBD670-5F07-4E25-B0D2-1BDDA95E03B0}.AppStore|iPhone.Build.0 = Debug|iPhoneSimulator
		{3EBBD670-5F07-4E25-B0D2-1BDDA95E03B0}.AppStore|iPhoneSimulator.ActiveCfg = Debug|iPhoneSimulator
		{3EBBD670-5F07-4E25-B0D2-1BDDA95E03B0}.AppStore|iPhoneSimulator.Build.0 = Debug|iPhoneSimulator
		{3EBBD670-5F07-4E25-B0D2-1BDDA95E03B0}.AppStore|x64.ActiveCfg = Debug|iPhoneSimulator
		{3EBBD670-5F07-4E25-B0D2-1BDDA95E03B0}.AppStore|x64.Build.0 = Debug|iPhoneSimulator
		{3EBBD670-5F07-4E25-B0D2-1BDDA95E03B0}.AppStore|x86.ActiveCfg = Debug|iPhoneSimulator
		{3EBBD670-5F07-4E25-B0D2-1BDDA95E03B0}.AppStore|x86.Build.0 = Debug|iPhoneSimulator
		{3EBBD670-5F07-4E25-B0D2-1BDDA95E03B0}.Debug|Any CPU.ActiveCfg = Debug|iPhoneSimulator
		{3EBBD670-5F07-4E25-B0D2-1BDDA95E03B0}.Debug|Any CPU.Build.0 = Debug|iPhoneSimulator
		{3EBBD670-5F07-4E25-B0D2-1BDDA95E03B0}.Debug|ARM.ActiveCfg = Debug|iPhoneSimulator
		{3EBBD670-5F07-4E25-B0D2-1BDDA95E03B0}.Debug|ARM.Build.0 = Debug|iPhoneSimulator
		{3EBBD670-5F07-4E25-B0D2-1BDDA95E03B0}.Debug|ARM64.ActiveCfg = Debug|iPhoneSimulator
		{3EBBD670-5F07-4E25-B0D2-1BDDA95E03B0}.Debug|ARM64.Build.0 = Debug|iPhoneSimulator
		{3EBBD670-5F07-4E25-B0D2-1BDDA95E03B0}.Debug|iPhone.ActiveCfg = Debug|iPhoneSimulator
		{3EBBD670-5F07-4E25-B0D2-1BDDA95E03B0}.Debug|iPhone.Build.0 = Debug|iPhoneSimulator
		{3EBBD670-5F07-4E25-B0D2-1BDDA95E03B0}.Debug|iPhoneSimulator.ActiveCfg = Debug|iPhoneSimulator
		{3EBBD670-5F07-4E25-B0D2-1BDDA95E03B0}.Debug|iPhoneSimulator.Build.0 = Debug|iPhoneSimulator
		{3EBBD670-5F07-4E25-B0D2-1BDDA95E03B0}.Debug|x64.ActiveCfg = Debug|iPhoneSimulator
		{3EBBD670-5F07-4E25-B0D2-1BDDA95E03B0}.Debug|x64.Build.0 = Debug|iPhoneSimulator
		{3EBBD670-5F07-4E25-B0D2-1BDDA95E03B0}.Debug|x86.ActiveCfg = Debug|iPhoneSimulator
		{3EBBD670-5F07-4E25-B0D2-1BDDA95E03B0}.Debug|x86.Build.0 = Debug|iPhoneSimulator
		{3EBBD670-5F07-4E25-B0D2-1BDDA95E03B0}.Release|Any CPU.ActiveCfg = Release|iPhoneSimulator
		{3EBBD670-5F07-4E25-B0D2-1BDDA95E03B0}.Release|Any CPU.Build.0 = Release|iPhoneSimulator
		{3EBBD670-5F07-4E25-B0D2-1BDDA95E03B0}.Release|ARM.ActiveCfg = Release|iPhoneSimulator
		{3EBBD670-5F07-4E25-B0D2-1BDDA95E03B0}.Release|ARM.Build.0 = Release|iPhoneSimulator
		{3EBBD670-5F07-4E25-B0D2-1BDDA95E03B0}.Release|ARM64.ActiveCfg = Release|iPhoneSimulator
		{3EBBD670-5F07-4E25-B0D2-1BDDA95E03B0}.Release|ARM64.Build.0 = Release|iPhoneSimulator
		{3EBBD670-5F07-4E25-B0D2-1BDDA95E03B0}.Release|iPhone.ActiveCfg = Release|iPhoneSimulator
		{3EBBD670-5F07-4E25-B0D2-1BDDA95E03B0}.Release|iPhone.Build.0 = Release|iPhoneSimulator
		{3EBBD670-5F07-4E25-B0D2-1BDDA95E03B0}.Release|iPhoneSimulator.ActiveCfg = Release|iPhoneSimulator
		{3EBBD670-5F07-4E25-B0D2-1BDDA95E03B0}.Release|iPhoneSimulator.Build.0 = Release|iPhoneSimulator
		{3EBBD670-5F07-4E25-B0D2-1BDDA95E03B0}.Release|x64.ActiveCfg = Release|iPhoneSimulator
		{3EBBD670-5F07-4E25-B0D2-1BDDA95E03B0}.Release|x64.Build.0 = Release|iPhoneSimulator
		{3EBBD670-5F07-4E25-B0D2-1BDDA95E03B0}.Release|x86.ActiveCfg = Release|iPhoneSimulator
		{3EBBD670-5F07-4E25-B0D2-1BDDA95E03B0}.Release|x86.Build.0 = Release|iPhoneSimulator
		{9C8DFE61-1AAA-41CE-B84D-68691FA307F8}.Ad-Hoc|Any CPU.ActiveCfg = Debug|Any CPU
		{9C8DFE61-1AAA-41CE-B84D-68691FA307F8}.Ad-Hoc|Any CPU.Build.0 = Debug|Any CPU
		{9C8DFE61-1AAA-41CE-B84D-68691FA307F8}.Ad-Hoc|ARM.ActiveCfg = Debug|Any CPU
		{9C8DFE61-1AAA-41CE-B84D-68691FA307F8}.Ad-Hoc|ARM.Build.0 = Debug|Any CPU
		{9C8DFE61-1AAA-41CE-B84D-68691FA307F8}.Ad-Hoc|ARM64.ActiveCfg = Debug|Any CPU
		{9C8DFE61-1AAA-41CE-B84D-68691FA307F8}.Ad-Hoc|ARM64.Build.0 = Debug|Any CPU
		{9C8DFE61-1AAA-41CE-B84D-68691FA307F8}.Ad-Hoc|iPhone.ActiveCfg = Debug|Any CPU
		{9C8DFE61-1AAA-41CE-B84D-68691FA307F8}.Ad-Hoc|iPhone.Build.0 = Debug|Any CPU
		{9C8DFE61-1AAA-41CE-B84D-68691FA307F8}.Ad-Hoc|iPhoneSimulator.ActiveCfg = Debug|Any CPU
		{9C8DFE61-1AAA-41CE-B84D-68691FA307F8}.Ad-Hoc|iPhoneSimulator.Build.0 = Debug|Any CPU
		{9C8DFE61-1AAA-41CE-B84D-68691FA307F8}.Ad-Hoc|x64.ActiveCfg = Debug|Any CPU
		{9C8DFE61-1AAA-41CE-B84D-68691FA307F8}.Ad-Hoc|x64.Build.0 = Debug|Any CPU
		{9C8DFE61-1AAA-41CE-B84D-68691FA307F8}.Ad-Hoc|x86.ActiveCfg = Debug|Any CPU
		{9C8DFE61-1AAA-41CE-B84D-68691FA307F8}.Ad-Hoc|x86.Build.0 = Debug|Any CPU
		{9C8DFE61-1AAA-41CE-B84D-68691FA307F8}.AppStore|Any CPU.ActiveCfg = Debug|Any CPU
		{9C8DFE61-1AAA-41CE-B84D-68691FA307F8}.AppStore|Any CPU.Build.0 = Debug|Any CPU
		{9C8DFE61-1AAA-41CE-B84D-68691FA307F8}.AppStore|ARM.ActiveCfg = Debug|Any CPU
		{9C8DFE61-1AAA-41CE-B84D-68691FA307F8}.AppStore|ARM.Build.0 = Debug|Any CPU
		{9C8DFE61-1AAA-41CE-B84D-68691FA307F8}.AppStore|ARM64.ActiveCfg = Debug|Any CPU
		{9C8DFE61-1AAA-41CE-B84D-68691FA307F8}.AppStore|ARM64.Build.0 = Debug|Any CPU
		{9C8DFE61-1AAA-41CE-B84D-68691FA307F8}.AppStore|iPhone.ActiveCfg = Debug|Any CPU
		{9C8DFE61-1AAA-41CE-B84D-68691FA307F8}.AppStore|iPhone.Build.0 = Debug|Any CPU
		{9C8DFE61-1AAA-41CE-B84D-68691FA307F8}.AppStore|iPhoneSimulator.ActiveCfg = Debug|Any CPU
		{9C8DFE61-1AAA-41CE-B84D-68691FA307F8}.AppStore|iPhoneSimulator.Build.0 = Debug|Any CPU
		{9C8DFE61-1AAA-41CE-B84D-68691FA307F8}.AppStore|x64.ActiveCfg = Debug|Any CPU
		{9C8DFE61-1AAA-41CE-B84D-68691FA307F8}.AppStore|x64.Build.0 = Debug|Any CPU
		{9C8DFE61-1AAA-41CE-B84D-68691FA307F8}.AppStore|x86.ActiveCfg = Debug|Any CPU
		{9C8DFE61-1AAA-41CE-B84D-68691FA307F8}.AppStore|x86.Build.0 = Debug|Any CPU
		{9C8DFE61-1AAA-41CE-B84D-68691FA307F8}.Debug|Any CPU.ActiveCfg = Debug|Any CPU
		{9C8DFE61-1AAA-41CE-B84D-68691FA307F8}.Debug|Any CPU.Build.0 = Debug|Any CPU
		{9C8DFE61-1AAA-41CE-B84D-68691FA307F8}.Debug|ARM.ActiveCfg = Debug|Any CPU
		{9C8DFE61-1AAA-41CE-B84D-68691FA307F8}.Debug|ARM.Build.0 = Debug|Any CPU
		{9C8DFE61-1AAA-41CE-B84D-68691FA307F8}.Debug|ARM64.ActiveCfg = Debug|Any CPU
		{9C8DFE61-1AAA-41CE-B84D-68691FA307F8}.Debug|ARM64.Build.0 = Debug|Any CPU
		{9C8DFE61-1AAA-41CE-B84D-68691FA307F8}.Debug|iPhone.ActiveCfg = Debug|Any CPU
		{9C8DFE61-1AAA-41CE-B84D-68691FA307F8}.Debug|iPhone.Build.0 = Debug|Any CPU
		{9C8DFE61-1AAA-41CE-B84D-68691FA307F8}.Debug|iPhoneSimulator.ActiveCfg = Debug|Any CPU
		{9C8DFE61-1AAA-41CE-B84D-68691FA307F8}.Debug|iPhoneSimulator.Build.0 = Debug|Any CPU
		{9C8DFE61-1AAA-41CE-B84D-68691FA307F8}.Debug|x64.ActiveCfg = Debug|Any CPU
		{9C8DFE61-1AAA-41CE-B84D-68691FA307F8}.Debug|x64.Build.0 = Debug|Any CPU
		{9C8DFE61-1AAA-41CE-B84D-68691FA307F8}.Debug|x86.ActiveCfg = Debug|Any CPU
		{9C8DFE61-1AAA-41CE-B84D-68691FA307F8}.Debug|x86.Build.0 = Debug|Any CPU
		{9C8DFE61-1AAA-41CE-B84D-68691FA307F8}.Release|Any CPU.ActiveCfg = Release|Any CPU
		{9C8DFE61-1AAA-41CE-B84D-68691FA307F8}.Release|Any CPU.Build.0 = Release|Any CPU
		{9C8DFE61-1AAA-41CE-B84D-68691FA307F8}.Release|ARM.ActiveCfg = Release|Any CPU
		{9C8DFE61-1AAA-41CE-B84D-68691FA307F8}.Release|ARM.Build.0 = Release|Any CPU
		{9C8DFE61-1AAA-41CE-B84D-68691FA307F8}.Release|ARM64.ActiveCfg = Release|Any CPU
		{9C8DFE61-1AAA-41CE-B84D-68691FA307F8}.Release|ARM64.Build.0 = Release|Any CPU
		{9C8DFE61-1AAA-41CE-B84D-68691FA307F8}.Release|iPhone.ActiveCfg = Release|Any CPU
		{9C8DFE61-1AAA-41CE-B84D-68691FA307F8}.Release|iPhone.Build.0 = Release|Any CPU
		{9C8DFE61-1AAA-41CE-B84D-68691FA307F8}.Release|iPhoneSimulator.ActiveCfg = Release|Any CPU
		{9C8DFE61-1AAA-41CE-B84D-68691FA307F8}.Release|iPhoneSimulator.Build.0 = Release|Any CPU
		{9C8DFE61-1AAA-41CE-B84D-68691FA307F8}.Release|x64.ActiveCfg = Release|Any CPU
		{9C8DFE61-1AAA-41CE-B84D-68691FA307F8}.Release|x64.Build.0 = Release|Any CPU
		{9C8DFE61-1AAA-41CE-B84D-68691FA307F8}.Release|x86.ActiveCfg = Release|Any CPU
		{9C8DFE61-1AAA-41CE-B84D-68691FA307F8}.Release|x86.Build.0 = Release|Any CPU
		{6BD830D3-42EB-4868-8BD3-255AFCBD9AE8}.Ad-Hoc|Any CPU.ActiveCfg = Debug|Any CPU
		{6BD830D3-42EB-4868-8BD3-255AFCBD9AE8}.Ad-Hoc|Any CPU.Build.0 = Debug|Any CPU
		{6BD830D3-42EB-4868-8BD3-255AFCBD9AE8}.Ad-Hoc|ARM.ActiveCfg = Debug|Any CPU
		{6BD830D3-42EB-4868-8BD3-255AFCBD9AE8}.Ad-Hoc|ARM.Build.0 = Debug|Any CPU
		{6BD830D3-42EB-4868-8BD3-255AFCBD9AE8}.Ad-Hoc|ARM64.ActiveCfg = Debug|Any CPU
		{6BD830D3-42EB-4868-8BD3-255AFCBD9AE8}.Ad-Hoc|ARM64.Build.0 = Debug|Any CPU
		{6BD830D3-42EB-4868-8BD3-255AFCBD9AE8}.Ad-Hoc|iPhone.ActiveCfg = Debug|Any CPU
		{6BD830D3-42EB-4868-8BD3-255AFCBD9AE8}.Ad-Hoc|iPhone.Build.0 = Debug|Any CPU
		{6BD830D3-42EB-4868-8BD3-255AFCBD9AE8}.Ad-Hoc|iPhoneSimulator.ActiveCfg = Debug|Any CPU
		{6BD830D3-42EB-4868-8BD3-255AFCBD9AE8}.Ad-Hoc|iPhoneSimulator.Build.0 = Debug|Any CPU
		{6BD830D3-42EB-4868-8BD3-255AFCBD9AE8}.Ad-Hoc|x64.ActiveCfg = Debug|Any CPU
		{6BD830D3-42EB-4868-8BD3-255AFCBD9AE8}.Ad-Hoc|x64.Build.0 = Debug|Any CPU
		{6BD830D3-42EB-4868-8BD3-255AFCBD9AE8}.Ad-Hoc|x86.ActiveCfg = Debug|Any CPU
		{6BD830D3-42EB-4868-8BD3-255AFCBD9AE8}.Ad-Hoc|x86.Build.0 = Debug|Any CPU
		{6BD830D3-42EB-4868-8BD3-255AFCBD9AE8}.AppStore|Any CPU.ActiveCfg = Debug|Any CPU
		{6BD830D3-42EB-4868-8BD3-255AFCBD9AE8}.AppStore|Any CPU.Build.0 = Debug|Any CPU
		{6BD830D3-42EB-4868-8BD3-255AFCBD9AE8}.AppStore|ARM.ActiveCfg = Debug|Any CPU
		{6BD830D3-42EB-4868-8BD3-255AFCBD9AE8}.AppStore|ARM.Build.0 = Debug|Any CPU
		{6BD830D3-42EB-4868-8BD3-255AFCBD9AE8}.AppStore|ARM64.ActiveCfg = Debug|Any CPU
		{6BD830D3-42EB-4868-8BD3-255AFCBD9AE8}.AppStore|ARM64.Build.0 = Debug|Any CPU
		{6BD830D3-42EB-4868-8BD3-255AFCBD9AE8}.AppStore|iPhone.ActiveCfg = Debug|Any CPU
		{6BD830D3-42EB-4868-8BD3-255AFCBD9AE8}.AppStore|iPhone.Build.0 = Debug|Any CPU
		{6BD830D3-42EB-4868-8BD3-255AFCBD9AE8}.AppStore|iPhoneSimulator.ActiveCfg = Debug|Any CPU
		{6BD830D3-42EB-4868-8BD3-255AFCBD9AE8}.AppStore|iPhoneSimulator.Build.0 = Debug|Any CPU
		{6BD830D3-42EB-4868-8BD3-255AFCBD9AE8}.AppStore|x64.ActiveCfg = Debug|Any CPU
		{6BD830D3-42EB-4868-8BD3-255AFCBD9AE8}.AppStore|x64.Build.0 = Debug|Any CPU
		{6BD830D3-42EB-4868-8BD3-255AFCBD9AE8}.AppStore|x86.ActiveCfg = Debug|Any CPU
		{6BD830D3-42EB-4868-8BD3-255AFCBD9AE8}.AppStore|x86.Build.0 = Debug|Any CPU
		{6BD830D3-42EB-4868-8BD3-255AFCBD9AE8}.Debug|Any CPU.ActiveCfg = Debug|Any CPU
		{6BD830D3-42EB-4868-8BD3-255AFCBD9AE8}.Debug|Any CPU.Build.0 = Debug|Any CPU
		{6BD830D3-42EB-4868-8BD3-255AFCBD9AE8}.Debug|ARM.ActiveCfg = Debug|Any CPU
		{6BD830D3-42EB-4868-8BD3-255AFCBD9AE8}.Debug|ARM.Build.0 = Debug|Any CPU
		{6BD830D3-42EB-4868-8BD3-255AFCBD9AE8}.Debug|ARM64.ActiveCfg = Debug|Any CPU
		{6BD830D3-42EB-4868-8BD3-255AFCBD9AE8}.Debug|ARM64.Build.0 = Debug|Any CPU
		{6BD830D3-42EB-4868-8BD3-255AFCBD9AE8}.Debug|iPhone.ActiveCfg = Debug|Any CPU
		{6BD830D3-42EB-4868-8BD3-255AFCBD9AE8}.Debug|iPhone.Build.0 = Debug|Any CPU
		{6BD830D3-42EB-4868-8BD3-255AFCBD9AE8}.Debug|iPhoneSimulator.ActiveCfg = Debug|Any CPU
		{6BD830D3-42EB-4868-8BD3-255AFCBD9AE8}.Debug|iPhoneSimulator.Build.0 = Debug|Any CPU
		{6BD830D3-42EB-4868-8BD3-255AFCBD9AE8}.Debug|x64.ActiveCfg = Debug|Any CPU
		{6BD830D3-42EB-4868-8BD3-255AFCBD9AE8}.Debug|x64.Build.0 = Debug|Any CPU
		{6BD830D3-42EB-4868-8BD3-255AFCBD9AE8}.Debug|x86.ActiveCfg = Debug|Any CPU
		{6BD830D3-42EB-4868-8BD3-255AFCBD9AE8}.Debug|x86.Build.0 = Debug|Any CPU
		{6BD830D3-42EB-4868-8BD3-255AFCBD9AE8}.Release|Any CPU.ActiveCfg = Release|Any CPU
		{6BD830D3-42EB-4868-8BD3-255AFCBD9AE8}.Release|Any CPU.Build.0 = Release|Any CPU
		{6BD830D3-42EB-4868-8BD3-255AFCBD9AE8}.Release|ARM.ActiveCfg = Release|Any CPU
		{6BD830D3-42EB-4868-8BD3-255AFCBD9AE8}.Release|ARM.Build.0 = Release|Any CPU
		{6BD830D3-42EB-4868-8BD3-255AFCBD9AE8}.Release|ARM64.ActiveCfg = Release|Any CPU
		{6BD830D3-42EB-4868-8BD3-255AFCBD9AE8}.Release|ARM64.Build.0 = Release|Any CPU
		{6BD830D3-42EB-4868-8BD3-255AFCBD9AE8}.Release|iPhone.ActiveCfg = Release|Any CPU
		{6BD830D3-42EB-4868-8BD3-255AFCBD9AE8}.Release|iPhone.Build.0 = Release|Any CPU
		{6BD830D3-42EB-4868-8BD3-255AFCBD9AE8}.Release|iPhoneSimulator.ActiveCfg = Release|Any CPU
		{6BD830D3-42EB-4868-8BD3-255AFCBD9AE8}.Release|iPhoneSimulator.Build.0 = Release|Any CPU
		{6BD830D3-42EB-4868-8BD3-255AFCBD9AE8}.Release|x64.ActiveCfg = Release|Any CPU
		{6BD830D3-42EB-4868-8BD3-255AFCBD9AE8}.Release|x64.Build.0 = Release|Any CPU
		{6BD830D3-42EB-4868-8BD3-255AFCBD9AE8}.Release|x86.ActiveCfg = Release|Any CPU
		{6BD830D3-42EB-4868-8BD3-255AFCBD9AE8}.Release|x86.Build.0 = Release|Any CPU
		{5993A630-80E7-40CD-AB87-18A15B3A7A8B}.Ad-Hoc|Any CPU.ActiveCfg = Debug|Any CPU
		{5993A630-80E7-40CD-AB87-18A15B3A7A8B}.Ad-Hoc|Any CPU.Build.0 = Debug|Any CPU
		{5993A630-80E7-40CD-AB87-18A15B3A7A8B}.Ad-Hoc|ARM.ActiveCfg = Debug|Any CPU
		{5993A630-80E7-40CD-AB87-18A15B3A7A8B}.Ad-Hoc|ARM.Build.0 = Debug|Any CPU
		{5993A630-80E7-40CD-AB87-18A15B3A7A8B}.Ad-Hoc|ARM64.ActiveCfg = Debug|Any CPU
		{5993A630-80E7-40CD-AB87-18A15B3A7A8B}.Ad-Hoc|ARM64.Build.0 = Debug|Any CPU
		{5993A630-80E7-40CD-AB87-18A15B3A7A8B}.Ad-Hoc|iPhone.ActiveCfg = Debug|Any CPU
		{5993A630-80E7-40CD-AB87-18A15B3A7A8B}.Ad-Hoc|iPhone.Build.0 = Debug|Any CPU
		{5993A630-80E7-40CD-AB87-18A15B3A7A8B}.Ad-Hoc|iPhoneSimulator.ActiveCfg = Debug|Any CPU
		{5993A630-80E7-40CD-AB87-18A15B3A7A8B}.Ad-Hoc|iPhoneSimulator.Build.0 = Debug|Any CPU
		{5993A630-80E7-40CD-AB87-18A15B3A7A8B}.Ad-Hoc|x64.ActiveCfg = Debug|Any CPU
		{5993A630-80E7-40CD-AB87-18A15B3A7A8B}.Ad-Hoc|x64.Build.0 = Debug|Any CPU
		{5993A630-80E7-40CD-AB87-18A15B3A7A8B}.Ad-Hoc|x86.ActiveCfg = Debug|Any CPU
		{5993A630-80E7-40CD-AB87-18A15B3A7A8B}.Ad-Hoc|x86.Build.0 = Debug|Any CPU
		{5993A630-80E7-40CD-AB87-18A15B3A7A8B}.AppStore|Any CPU.ActiveCfg = Debug|Any CPU
		{5993A630-80E7-40CD-AB87-18A15B3A7A8B}.AppStore|Any CPU.Build.0 = Debug|Any CPU
		{5993A630-80E7-40CD-AB87-18A15B3A7A8B}.AppStore|ARM.ActiveCfg = Debug|Any CPU
		{5993A630-80E7-40CD-AB87-18A15B3A7A8B}.AppStore|ARM.Build.0 = Debug|Any CPU
		{5993A630-80E7-40CD-AB87-18A15B3A7A8B}.AppStore|ARM64.ActiveCfg = Debug|Any CPU
		{5993A630-80E7-40CD-AB87-18A15B3A7A8B}.AppStore|ARM64.Build.0 = Debug|Any CPU
		{5993A630-80E7-40CD-AB87-18A15B3A7A8B}.AppStore|iPhone.ActiveCfg = Debug|Any CPU
		{5993A630-80E7-40CD-AB87-18A15B3A7A8B}.AppStore|iPhone.Build.0 = Debug|Any CPU
		{5993A630-80E7-40CD-AB87-18A15B3A7A8B}.AppStore|iPhoneSimulator.ActiveCfg = Debug|Any CPU
		{5993A630-80E7-40CD-AB87-18A15B3A7A8B}.AppStore|iPhoneSimulator.Build.0 = Debug|Any CPU
		{5993A630-80E7-40CD-AB87-18A15B3A7A8B}.AppStore|x64.ActiveCfg = Debug|Any CPU
		{5993A630-80E7-40CD-AB87-18A15B3A7A8B}.AppStore|x64.Build.0 = Debug|Any CPU
		{5993A630-80E7-40CD-AB87-18A15B3A7A8B}.AppStore|x86.ActiveCfg = Debug|Any CPU
		{5993A630-80E7-40CD-AB87-18A15B3A7A8B}.AppStore|x86.Build.0 = Debug|Any CPU
		{5993A630-80E7-40CD-AB87-18A15B3A7A8B}.Debug|Any CPU.ActiveCfg = Debug|Any CPU
		{5993A630-80E7-40CD-AB87-18A15B3A7A8B}.Debug|Any CPU.Build.0 = Debug|Any CPU
		{5993A630-80E7-40CD-AB87-18A15B3A7A8B}.Debug|ARM.ActiveCfg = Debug|Any CPU
		{5993A630-80E7-40CD-AB87-18A15B3A7A8B}.Debug|ARM.Build.0 = Debug|Any CPU
		{5993A630-80E7-40CD-AB87-18A15B3A7A8B}.Debug|ARM64.ActiveCfg = Debug|Any CPU
		{5993A630-80E7-40CD-AB87-18A15B3A7A8B}.Debug|ARM64.Build.0 = Debug|Any CPU
		{5993A630-80E7-40CD-AB87-18A15B3A7A8B}.Debug|iPhone.ActiveCfg = Debug|Any CPU
		{5993A630-80E7-40CD-AB87-18A15B3A7A8B}.Debug|iPhone.Build.0 = Debug|Any CPU
		{5993A630-80E7-40CD-AB87-18A15B3A7A8B}.Debug|iPhoneSimulator.ActiveCfg = Debug|Any CPU
		{5993A630-80E7-40CD-AB87-18A15B3A7A8B}.Debug|iPhoneSimulator.Build.0 = Debug|Any CPU
		{5993A630-80E7-40CD-AB87-18A15B3A7A8B}.Debug|x64.ActiveCfg = Debug|Any CPU
		{5993A630-80E7-40CD-AB87-18A15B3A7A8B}.Debug|x64.Build.0 = Debug|Any CPU
		{5993A630-80E7-40CD-AB87-18A15B3A7A8B}.Debug|x86.ActiveCfg = Debug|Any CPU
		{5993A630-80E7-40CD-AB87-18A15B3A7A8B}.Debug|x86.Build.0 = Debug|Any CPU
		{5993A630-80E7-40CD-AB87-18A15B3A7A8B}.Release|Any CPU.ActiveCfg = Release|Any CPU
		{5993A630-80E7-40CD-AB87-18A15B3A7A8B}.Release|Any CPU.Build.0 = Release|Any CPU
		{5993A630-80E7-40CD-AB87-18A15B3A7A8B}.Release|ARM.ActiveCfg = Release|Any CPU
		{5993A630-80E7-40CD-AB87-18A15B3A7A8B}.Release|ARM.Build.0 = Release|Any CPU
		{5993A630-80E7-40CD-AB87-18A15B3A7A8B}.Release|ARM64.ActiveCfg = Release|Any CPU
		{5993A630-80E7-40CD-AB87-18A15B3A7A8B}.Release|ARM64.Build.0 = Release|Any CPU
		{5993A630-80E7-40CD-AB87-18A15B3A7A8B}.Release|iPhone.ActiveCfg = Release|Any CPU
		{5993A630-80E7-40CD-AB87-18A15B3A7A8B}.Release|iPhone.Build.0 = Release|Any CPU
		{5993A630-80E7-40CD-AB87-18A15B3A7A8B}.Release|iPhoneSimulator.ActiveCfg = Release|Any CPU
		{5993A630-80E7-40CD-AB87-18A15B3A7A8B}.Release|iPhoneSimulator.Build.0 = Release|Any CPU
		{5993A630-80E7-40CD-AB87-18A15B3A7A8B}.Release|x64.ActiveCfg = Release|Any CPU
		{5993A630-80E7-40CD-AB87-18A15B3A7A8B}.Release|x64.Build.0 = Release|Any CPU
		{5993A630-80E7-40CD-AB87-18A15B3A7A8B}.Release|x86.ActiveCfg = Release|Any CPU
		{5993A630-80E7-40CD-AB87-18A15B3A7A8B}.Release|x86.Build.0 = Release|Any CPU
		{C0C2C440-97FD-429F-87AE-261868BC7144}.Ad-Hoc|Any CPU.ActiveCfg = Debug|Any CPU
		{C0C2C440-97FD-429F-87AE-261868BC7144}.Ad-Hoc|Any CPU.Build.0 = Debug|Any CPU
		{C0C2C440-97FD-429F-87AE-261868BC7144}.Ad-Hoc|ARM.ActiveCfg = Debug|Any CPU
		{C0C2C440-97FD-429F-87AE-261868BC7144}.Ad-Hoc|ARM.Build.0 = Debug|Any CPU
		{C0C2C440-97FD-429F-87AE-261868BC7144}.Ad-Hoc|ARM64.ActiveCfg = Debug|Any CPU
		{C0C2C440-97FD-429F-87AE-261868BC7144}.Ad-Hoc|ARM64.Build.0 = Debug|Any CPU
		{C0C2C440-97FD-429F-87AE-261868BC7144}.Ad-Hoc|iPhone.ActiveCfg = Debug|Any CPU
		{C0C2C440-97FD-429F-87AE-261868BC7144}.Ad-Hoc|iPhone.Build.0 = Debug|Any CPU
		{C0C2C440-97FD-429F-87AE-261868BC7144}.Ad-Hoc|iPhoneSimulator.ActiveCfg = Debug|Any CPU
		{C0C2C440-97FD-429F-87AE-261868BC7144}.Ad-Hoc|iPhoneSimulator.Build.0 = Debug|Any CPU
		{C0C2C440-97FD-429F-87AE-261868BC7144}.Ad-Hoc|x64.ActiveCfg = Debug|Any CPU
		{C0C2C440-97FD-429F-87AE-261868BC7144}.Ad-Hoc|x64.Build.0 = Debug|Any CPU
		{C0C2C440-97FD-429F-87AE-261868BC7144}.Ad-Hoc|x86.ActiveCfg = Debug|Any CPU
		{C0C2C440-97FD-429F-87AE-261868BC7144}.Ad-Hoc|x86.Build.0 = Debug|Any CPU
		{C0C2C440-97FD-429F-87AE-261868BC7144}.AppStore|Any CPU.ActiveCfg = Debug|Any CPU
		{C0C2C440-97FD-429F-87AE-261868BC7144}.AppStore|Any CPU.Build.0 = Debug|Any CPU
		{C0C2C440-97FD-429F-87AE-261868BC7144}.AppStore|ARM.ActiveCfg = Debug|Any CPU
		{C0C2C440-97FD-429F-87AE-261868BC7144}.AppStore|ARM.Build.0 = Debug|Any CPU
		{C0C2C440-97FD-429F-87AE-261868BC7144}.AppStore|ARM64.ActiveCfg = Debug|Any CPU
		{C0C2C440-97FD-429F-87AE-261868BC7144}.AppStore|ARM64.Build.0 = Debug|Any CPU
		{C0C2C440-97FD-429F-87AE-261868BC7144}.AppStore|iPhone.ActiveCfg = Debug|Any CPU
		{C0C2C440-97FD-429F-87AE-261868BC7144}.AppStore|iPhone.Build.0 = Debug|Any CPU
		{C0C2C440-97FD-429F-87AE-261868BC7144}.AppStore|iPhoneSimulator.ActiveCfg = Debug|Any CPU
		{C0C2C440-97FD-429F-87AE-261868BC7144}.AppStore|iPhoneSimulator.Build.0 = Debug|Any CPU
		{C0C2C440-97FD-429F-87AE-261868BC7144}.AppStore|x64.ActiveCfg = Debug|Any CPU
		{C0C2C440-97FD-429F-87AE-261868BC7144}.AppStore|x64.Build.0 = Debug|Any CPU
		{C0C2C440-97FD-429F-87AE-261868BC7144}.AppStore|x86.ActiveCfg = Debug|Any CPU
		{C0C2C440-97FD-429F-87AE-261868BC7144}.AppStore|x86.Build.0 = Debug|Any CPU
		{C0C2C440-97FD-429F-87AE-261868BC7144}.Debug|Any CPU.ActiveCfg = Debug|Any CPU
		{C0C2C440-97FD-429F-87AE-261868BC7144}.Debug|Any CPU.Build.0 = Debug|Any CPU
		{C0C2C440-97FD-429F-87AE-261868BC7144}.Debug|ARM.ActiveCfg = Debug|Any CPU
		{C0C2C440-97FD-429F-87AE-261868BC7144}.Debug|ARM.Build.0 = Debug|Any CPU
		{C0C2C440-97FD-429F-87AE-261868BC7144}.Debug|ARM64.ActiveCfg = Debug|Any CPU
		{C0C2C440-97FD-429F-87AE-261868BC7144}.Debug|ARM64.Build.0 = Debug|Any CPU
		{C0C2C440-97FD-429F-87AE-261868BC7144}.Debug|iPhone.ActiveCfg = Debug|Any CPU
		{C0C2C440-97FD-429F-87AE-261868BC7144}.Debug|iPhone.Build.0 = Debug|Any CPU
		{C0C2C440-97FD-429F-87AE-261868BC7144}.Debug|iPhoneSimulator.ActiveCfg = Debug|Any CPU
		{C0C2C440-97FD-429F-87AE-261868BC7144}.Debug|iPhoneSimulator.Build.0 = Debug|Any CPU
		{C0C2C440-97FD-429F-87AE-261868BC7144}.Debug|x64.ActiveCfg = Debug|Any CPU
		{C0C2C440-97FD-429F-87AE-261868BC7144}.Debug|x64.Build.0 = Debug|Any CPU
		{C0C2C440-97FD-429F-87AE-261868BC7144}.Debug|x86.ActiveCfg = Debug|Any CPU
		{C0C2C440-97FD-429F-87AE-261868BC7144}.Debug|x86.Build.0 = Debug|Any CPU
		{C0C2C440-97FD-429F-87AE-261868BC7144}.Release|Any CPU.ActiveCfg = Release|Any CPU
		{C0C2C440-97FD-429F-87AE-261868BC7144}.Release|Any CPU.Build.0 = Release|Any CPU
		{C0C2C440-97FD-429F-87AE-261868BC7144}.Release|ARM.ActiveCfg = Release|Any CPU
		{C0C2C440-97FD-429F-87AE-261868BC7144}.Release|ARM.Build.0 = Release|Any CPU
		{C0C2C440-97FD-429F-87AE-261868BC7144}.Release|ARM64.ActiveCfg = Release|Any CPU
		{C0C2C440-97FD-429F-87AE-261868BC7144}.Release|ARM64.Build.0 = Release|Any CPU
		{C0C2C440-97FD-429F-87AE-261868BC7144}.Release|iPhone.ActiveCfg = Release|Any CPU
		{C0C2C440-97FD-429F-87AE-261868BC7144}.Release|iPhone.Build.0 = Release|Any CPU
		{C0C2C440-97FD-429F-87AE-261868BC7144}.Release|iPhoneSimulator.ActiveCfg = Release|Any CPU
		{C0C2C440-97FD-429F-87AE-261868BC7144}.Release|iPhoneSimulator.Build.0 = Release|Any CPU
		{C0C2C440-97FD-429F-87AE-261868BC7144}.Release|x64.ActiveCfg = Release|Any CPU
		{C0C2C440-97FD-429F-87AE-261868BC7144}.Release|x64.Build.0 = Release|Any CPU
		{C0C2C440-97FD-429F-87AE-261868BC7144}.Release|x86.ActiveCfg = Release|Any CPU
		{C0C2C440-97FD-429F-87AE-261868BC7144}.Release|x86.Build.0 = Release|Any CPU
	EndGlobalSection
	GlobalSection(SolutionProperties) = preSolution
		HideSolutionNode = FALSE
	EndGlobalSection
	GlobalSection(NestedProjects) = preSolution
		{8D7550ED-3424-41BC-8764-A66ACAA4F2D8} = {50B409C8-D8FA-485E-9761-7DAC7878379A}
		{D5978D3C-141F-49F9-A6A9-7EA1AE7BC700} = {50B409C8-D8FA-485E-9761-7DAC7878379A}
		{D665999E-5002-4AC8-8F67-3A715D2D0378} = {50B409C8-D8FA-485E-9761-7DAC7878379A}
		{EBB2D29F-3C20-4C30-B1C7-28EAFF63B661} = {50B409C8-D8FA-485E-9761-7DAC7878379A}
		{3EBBD670-5F07-4E25-B0D2-1BDDA95E03B0} = {50B409C8-D8FA-485E-9761-7DAC7878379A}
		{9C8DFE61-1AAA-41CE-B84D-68691FA307F8} = {50B409C8-D8FA-485E-9761-7DAC7878379A}
		{6BD830D3-42EB-4868-8BD3-255AFCBD9AE8} = {50B409C8-D8FA-485E-9761-7DAC7878379A}
		{5993A630-80E7-40CD-AB87-18A15B3A7A8B} = {50B409C8-D8FA-485E-9761-7DAC7878379A}
		{C0C2C440-97FD-429F-87AE-261868BC7144} = {50B409C8-D8FA-485E-9761-7DAC7878379A}
	EndGlobalSection
	GlobalSection(ExtensibilityGlobals) = postSolution
		SolutionGuid = {3B5CE281-DEA3-4F81-A9FE-D8CED3667783}
	EndGlobalSection
EndGlobal
